
Microsoft Visual Studio Solution File, Format Version 12.00
# Visual Studio Version 17
VisualStudioVersion = 17.3.32825.248
MinimumVisualStudioVersion = 10.0.40219.1
Project("{FAE04EC0-301F-11D3-BF4B-00C04F79EFBC}") = "labs", "labs\labs.csproj", "{32AFC755-71B7-4380-8656-36A31BC26409}"
EndProject
Global
	GlobalSection(SolutionConfigurationPlatforms) = preSolution
		Debug|Any CPU = Debug|Any CPU
		Release|Any CPU = Release|Any CPU
	EndGlobalSection
	GlobalSection(ProjectConfigurationPlatforms) = postSolution
		{32AFC755-71B7-4380-8656-36A31BC26409}.Debug|Any CPU.ActiveCfg = Debug|Any CPU
		{32AFC755-71B7-4380-8656-36A31BC26409}.Debug|Any CPU.Build.0 = Debug|Any CPU
		{32AFC755-71B7-4380-8656-36A31BC26409}.Release|Any CPU.ActiveCfg = Release|Any CPU
		{32AFC755-71B7-4380-8656-36A31BC26409}.Release|Any CPU.Build.0 = Release|Any CPU
	EndGlobalSection
	GlobalSection(SolutionProperties) = preSolution
		HideSolutionNode = FALSE
	EndGlobalSection
	GlobalSection(ExtensibilityGlobals) = postSolution
		SolutionGuid = {F17B90CA-024A-42E9-B13F-AECD5587C0C0}
	EndGlobalSection
EndGlobal
